version = 1
revision = 3
requires-python = ">=3.14"

[[package]]
name = "click"
version = "8.3.1"
source = { registry = "https://pypi.org/simple" }
dependencies = [
    { name = "colorama", marker = "sys_platform == 'win32'" },
]
sdist = { url = "https://files.pythonhosted.org/packages/3d/fa/656b739db8587d7b5dfa22e22ed02566950fbfbcdc20311993483657a5c0/click-8.3.1.tar.gz", hash = "sha256:12ff4785d337a1bb490bb7e9c2b1ee5da3112e94a8622f26a6c77f5d2fc6842a", size = 295065, upload-time = "2025-11-15T20:45:42.706Z" }
wheels = [
    { url = "https://files.pythonhosted.org/packages/98/78/01c019cdb5d6498122777c1a43056ebb3ebfeef2076d9d026bfe15583b2b/click-8.3.1-py3-none-any.whl", hash = "sha256:981153a64e25f12d547d3426c367a4857371575ee7ad18df2a6183ab0545b2a6", size = 108274, upload-time = "2025-11-15T20:45:41.139Z" },
]

[[package]]
name = "colorama"
version = "0.4.6"
source = { registry = "https://pypi.org/simple" }
sdist = { url = "https://files.pythonhosted.org/packages/d8/53/6f443c9a4a8358a93a6792e2acffb9d9d5cb0a5cfd8802644b7b1c9a02e4/colorama-0.4.6.tar.gz", hash = "sha256:08695f5cb7ed6e0531a20572697297273c47b8cae5a63ffc6d6ed5c201be6e44", size = 27697, upload-time = "2022-10-25T02:36:22.414Z" }
wheels = [
    { url = "https://files.pythonhosted.org/packages/d1/d6/3965ed04c63042e047cb6a3e6ed1a63a35087b6a609aa3a15ed8ac56c221/colorama-0.4.6-py2.py3-none-any.whl", hash = "sha256:4f1d9991f5acc0ca119f9d443620b77f9d6b33703e51011c16baf57afb285fc6", size = 25335, upload-time = "2022-10-25T02:36:20.889Z" },
]

[[package]]
name = "grpcio"
version = "1.76.0"
source = { registry = "https://pypi.org/simple" }
dependencies = [
    { name = "typing-extensions" },
]
sdist = { url = "https://files.pythonhosted.org/packages/b6/e0/318c1ce3ae5a17894d5791e87aea147587c9e702f24122cc7a5c8bbaeeb1/grpcio-1.76.0.tar.gz", hash = "sha256:7be78388d6da1a25c0d5ec506523db58b18be22d9c37d8d3a32c08be4987bd73", size = 12785182, upload-time = "2025-10-21T16:23:12.106Z" }
wheels = [
    { url = "https://files.pythonhosted.org/packages/b4/46/39adac80de49d678e6e073b70204091e76631e03e94928b9ea4ecf0f6e0e/grpcio-1.76.0-cp314-cp314-linux_armv7l.whl", hash = "sha256:ff8a59ea85a1f2191a0ffcc61298c571bc566332f82e5f5be1b83c9d8e668a62", size = 5808417, upload-time = "2025-10-21T16:22:15.02Z" },
    { url = "https://files.pythonhosted.org/packages/9c/f5/a4531f7fb8b4e2a60b94e39d5d924469b7a6988176b3422487be61fe2998/grpcio-1.76.0-cp314-cp314-macosx_11_0_universal2.whl", hash = "sha256:06c3d6b076e7b593905d04fdba6a0525711b3466f43b3400266f04ff735de0cd", size = 11828219, upload-time = "2025-10-21T16:22:17.954Z" },
    { url = "https://files.pythonhosted.org/packages/4b/1c/de55d868ed7a8bd6acc6b1d6ddc4aa36d07a9f31d33c912c804adb1b971b/grpcio-1.76.0-cp314-cp314-manylinux2014_aarch64.manylinux_2_17_aarch64.whl", hash = "sha256:fd5ef5932f6475c436c4a55e4336ebbe47bd3272be04964a03d316bbf4afbcbc", size = 6367826, upload-time = "2025-10-21T16:22:20.721Z" },
    { url = "https://files.pythonhosted.org/packages/59/64/99e44c02b5adb0ad13ab3adc89cb33cb54bfa90c74770f2607eea629b86f/grpcio-1.76.0-cp314-cp314-manylinux2014_i686.manylinux_2_17_i686.whl", hash = "sha256:b331680e46239e090f5b3cead313cc772f6caa7d0fc8de349337563125361a4a", size = 7049550, upload-time = "2025-10-21T16:22:23.637Z" },
    { url = "https://files.pythonhosted.org/packages/43/28/40a5be3f9a86949b83e7d6a2ad6011d993cbe9b6bd27bea881f61c7788b6/grpcio-1.76.0-cp314-cp314-manylinux2014_x86_64.manylinux_2_17_x86_64.whl", hash = "sha256:2229ae655ec4e8999599469559e97630185fdd53ae1e8997d147b7c9b2b72cba", size = 6575564, upload-time = "2025-10-21T16:22:26.016Z" },
    { url = "https://files.pythonhosted.org/packages/4b/a9/1be18e6055b64467440208a8559afac243c66a8b904213af6f392dc2212f/grpcio-1.76.0-cp314-cp314-musllinux_1_2_aarch64.whl", hash = "sha256:490fa6d203992c47c7b9e4a9d39003a0c2bcc1c9aa3c058730884bbbb0ee9f09", size = 7176236, upload-time = "2025-10-21T16:22:28.362Z" },
    { url = "https://files.pythonhosted.org/packages/0f/55/dba05d3fcc151ce6e81327541d2cc8394f442f6b350fead67401661bf041/grpcio-1.76.0-cp314-cp314-musllinux_1_2_i686.whl", hash = "sha256:479496325ce554792dba6548fae3df31a72cef7bad71ca2e12b0e58f9b336bfc", size = 8125795, upload-time = "2025-10-21T16:22:31.075Z" },
    { url = "https://files.pythonhosted.org/packages/4a/45/122df922d05655f63930cf42c9e3f72ba20aadb26c100ee105cad4ce4257/grpcio-1.76.0-cp314-cp314-musllinux_1_2_x86_64.whl", hash = "sha256:1c9b93f79f48b03ada57ea24725d83a30284a012ec27eab2cf7e50a550cbbbcc", size = 7592214, upload-time = "2025-10-21T16:22:33.831Z" },
    { url = "https://files.pythonhosted.org/packages/4a/6e/0b899b7f6b66e5af39e377055fb4a6675c9ee28431df5708139df2e93233/grpcio-1.76.0-cp314-cp314-win32.whl", hash = "sha256:747fa73efa9b8b1488a95d0ba1039c8e2dca0f741612d80415b1e1c560febf4e", size = 4062961, upload-time = "2025-10-21T16:22:36.468Z" },
    { url = "https://files.pythonhosted.org/packages/19/41/0b430b01a2eb38ee887f88c1f07644a1df8e289353b78e82b37ef988fb64/grpcio-1.76.0-cp314-cp314-win_amd64.whl", hash = "sha256:922fa70ba549fce362d2e2871ab542082d66e2aaf0c19480ea453905b01f384e", size = 4834462, upload-time = "2025-10-21T16:22:39.772Z" },
]

[[package]]
name = "grpcio-tools"
version = "1.76.0"
source = { registry = "https://pypi.org/simple" }
dependencies = [
    { name = "grpcio" },
    { name = "protobuf" },
    { name = "setuptools" },
]
sdist = { url = "https://files.pythonhosted.org/packages/a0/77/17d60d636ccd86a0db0eccc24d02967bbc3eea86b9db7324b04507ebaa40/grpcio_tools-1.76.0.tar.gz", hash = "sha256:ce80169b5e6adf3e8302f3ebb6cb0c3a9f08089133abca4b76ad67f751f5ad88", size = 5390807, upload-time = "2025-10-21T16:26:55.416Z" }
wheels = [
    { url = "https://files.pythonhosted.org/packages/f0/c0/aa20eebe8f3553b7851643e9c88d237c3a6ca30ade646897e25dbb27be99/grpcio_tools-1.76.0-cp314-cp314-linux_armv7l.whl", hash = "sha256:c53c5719ef2a435997755abde3826ba4087174bd432aa721d8fac781fcea79e4", size = 2546297, upload-time = "2025-10-21T16:26:01.258Z" },
    { url = "https://files.pythonhosted.org/packages/d9/98/6af702804934443c1d0d4d27d21b990d92d22ddd1b6bec6b056558cbbffa/grpcio_tools-1.76.0-cp314-cp314-macosx_11_0_universal2.whl", hash = "sha256:e3db1300d7282264639eeee7243f5de7e6a7c0283f8bf05d66c0315b7b0f0b36", size = 5839804, upload-time = "2025-10-21T16:26:05.495Z" },
    { url = "https://files.pythonhosted.org/packages/ea/8d/7725fa7b134ef8405ffe0a37c96eeb626e5af15d70e1bdac4f8f1abf842e/grpcio_tools-1.76.0-cp314-cp314-manylinux2014_aarch64.manylinux_2_17_aarch64.whl", hash = "sha256:0b018a4b7455a7e8c16d0fdb3655a6ba6c9536da6de6c5d4f11b6bb73378165b", size = 2593922, upload-time = "2025-10-21T16:26:07.563Z" },
    { url = "https://files.pythonhosted.org/packages/de/ff/5b6b5012c79fa72f9107dc13f7226d9ce7e059ea639fd8c779e0dd284386/grpcio_tools-1.76.0-cp314-cp314-manylinux2014_i686.manylinux_2_17_i686.whl", hash = "sha256:ec6e4de3866e47cfde56607b1fae83ecc5aa546e06dec53de11f88063f4b5275", size = 2905327, upload-time = "2025-10-21T16:26:09.668Z" },
    { url = "https://files.pythonhosted.org/packages/24/01/2691d369ea462cd6b6c92544122885ca01f7fa5ac75dee023e975e675858/grpcio_tools-1.76.0-cp314-cp314-manylinux2014_x86_64.manylinux_2_17_x86_64.whl", hash = "sha256:b8da4d828883913f1852bdd67383713ae5c11842f6c70f93f31893eab530aead", size = 2656214, upload-time = "2025-10-21T16:26:11.773Z" },
    { url = "https://files.pythonhosted.org/packages/6a/e7/3f8856e6ec3dd492336a91572993344966f237b0e3819fbe96437b19d313/grpcio_tools-1.76.0-cp314-cp314-musllinux_1_2_aarch64.whl", hash = "sha256:5c120c2cf4443121800e7f9bcfe2e94519fa25f3bb0b9882359dd3b252c78a7b", size = 3109889, upload-time = "2025-10-21T16:26:15.058Z" },
    { url = "https://files.pythonhosted.org/packages/f3/e4/ce5248072e47db276dc7e069e93978dcde490c959788ce7cce8081d0bfdc/grpcio_tools-1.76.0-cp314-cp314-musllinux_1_2_i686.whl", hash = "sha256:8b7df5591d699cd9076065f1f15049e9c3597e0771bea51c8c97790caf5e4197", size = 3657939, upload-time = "2025-10-21T16:26:17.34Z" },
    { url = "https://files.pythonhosted.org/packages/f6/df/81ff88af93c52135e425cd5ec9fe8b186169c7d5f9e0409bdf2bbedc3919/grpcio_tools-1.76.0-cp314-cp314-musllinux_1_2_x86_64.whl", hash = "sha256:a25048c5f984d33e3f5b6ad7618e98736542461213ade1bd6f2fcfe8ce804e3d", size = 3324752, upload-time = "2025-10-21T16:26:20.092Z" },
    { url = "https://files.pythonhosted.org/packages/35/3d/f6b83044afbf6522254a3b509515a00fed16a819c87731a478dbdd1d35c1/grpcio_tools-1.76.0-cp314-cp314-win32.whl", hash = "sha256:4b77ce6b6c17869858cfe14681ad09ed3a8a80e960e96035de1fd87f78158740", size = 1015578, upload-time = "2025-10-21T16:26:22.517Z" },
    { url = "https://files.pythonhosted.org/packages/95/4d/31236cddb7ffb09ba4a49f4f56d2608fec3bbb21c7a0a975d93bca7cd22e/grpcio_tools-1.76.0-cp314-cp314-win_amd64.whl", hash = "sha256:2ccd2c8d041351cc29d0fc4a84529b11ee35494a700b535c1f820b642f2a72fc", size = 1190242, upload-time = "2025-10-21T16:26:25.296Z" },
]

[[package]]
name = "markdown-it-py"
version = "4.0.0"
source = { registry = "https://pypi.org/simple" }
dependencies = [
    { name = "mdurl" },
]
sdist = { url = "https://files.pythonhosted.org/packages/5b/f5/4ec618ed16cc4f8fb3b701563655a69816155e79e24a17b651541804721d/markdown_it_py-4.0.0.tar.gz", hash = "sha256:cb0a2b4aa34f932c007117b194e945bd74e0ec24133ceb5bac59009cda1cb9f3", size = 73070, upload-time = "2025-08-11T12:57:52.854Z" }
wheels = [
    { url = "https://files.pythonhosted.org/packages/94/54/e7d793b573f298e1c9013b8c4dade17d481164aa517d1d7148619c2cedbf/markdown_it_py-4.0.0-py3-none-any.whl", hash = "sha256:87327c59b172c5011896038353a81343b6754500a08cd7a4973bb48c6d578147", size = 87321, upload-time = "2025-08-11T12:57:51.923Z" },
]

[[package]]
name = "mdurl"
version = "0.1.2"
source = { registry = "https://pypi.org/simple" }
sdist = { url = "https://files.pythonhosted.org/packages/d6/54/cfe61301667036ec958cb99bd3efefba235e65cdeb9c84d24a8293ba1d90/mdurl-0.1.2.tar.gz", hash = "sha256:bb413d29f5eea38f31dd4754dd7377d4465116fb207585f97bf925588687c1ba", size = 8729, upload-time = "2022-08-14T12:40:10.846Z" }
wheels = [
    { url = "https://files.pythonhosted.org/packages/b3/38/89ba8ad64ae25be8de66a6d463314cf1eb366222074cfda9ee839c56a4b4/mdurl-0.1.2-py3-none-any.whl", hash = "sha256:84008a41e51615a49fc9966191ff91509e3c40b939176e643fd50a5c2196b8f8", size = 9979, upload-time = "2022-08-14T12:40:09.779Z" },
]

[[package]]
name = "protobuf"
version = "6.33.2"
source = { registry = "https://pypi.org/simple" }
sdist = { url = "https://files.pythonhosted.org/packages/34/44/e49ecff446afeec9d1a66d6bbf9adc21e3c7cea7803a920ca3773379d4f6/protobuf-6.33.2.tar.gz", hash = "sha256:56dc370c91fbb8ac85bc13582c9e373569668a290aa2e66a590c2a0d35ddb9e4", size = 444296, upload-time = "2025-12-06T00:17:53.311Z" }
wheels = [
    { url = "https://files.pythonhosted.org/packages/bc/91/1e3a34881a88697a7354ffd177e8746e97a722e5e8db101544b47e84afb1/protobuf-6.33.2-cp310-abi3-win32.whl", hash = "sha256:87eb388bd2d0f78febd8f4c8779c79247b26a5befad525008e49a6955787ff3d", size = 425603, upload-time = "2025-12-06T00:17:41.114Z" },
    { url = "https://files.pythonhosted.org/packages/64/20/4d50191997e917ae13ad0a235c8b42d8c1ab9c3e6fd455ca16d416944355/protobuf-6.33.2-cp310-abi3-win_amd64.whl", hash = "sha256:fc2a0e8b05b180e5fc0dd1559fe8ebdae21a27e81ac77728fb6c42b12c7419b4", size = 436930, upload-time = "2025-12-06T00:17:43.278Z" },
    { url = "https://files.pythonhosted.org/packages/b2/ca/7e485da88ba45c920fb3f50ae78de29ab925d9e54ef0de678306abfbb497/protobuf-6.33.2-cp39-abi3-macosx_10_9_universal2.whl", hash = "sha256:d9b19771ca75935b3a4422957bc518b0cecb978b31d1dd12037b088f6bcc0e43", size = 427621, upload-time = "2025-12-06T00:17:44.445Z" },
    { url = "https://files.pythonhosted.org/packages/7d/4f/f743761e41d3b2b2566748eb76bbff2b43e14d5fcab694f494a16458b05f/protobuf-6.33.2-cp39-abi3-manylinux2014_aarch64.whl", hash = "sha256:b5d3b5625192214066d99b2b605f5783483575656784de223f00a8d00754fc0e", size = 324460, upload-time = "2025-12-06T00:17:45.678Z" },
    { url = "https://files.pythonhosted.org/packages/b1/fa/26468d00a92824020f6f2090d827078c09c9c587e34cbfd2d0c7911221f8/protobuf-6.33.2-cp39-abi3-manylinux2014_s390x.whl", hash = "sha256:8cd7640aee0b7828b6d03ae518b5b4806fdfc1afe8de82f79c3454f8aef29872", size = 339168, upload-time = "2025-12-06T00:17:46.813Z" },
    { url = "https://files.pythonhosted.org/packages/56/13/333b8f421738f149d4fe5e49553bc2a2ab75235486259f689b4b91f96cec/protobuf-6.33.2-cp39-abi3-manylinux2014_x86_64.whl", hash = "sha256:1f8017c48c07ec5859106533b682260ba3d7c5567b1ca1f24297ce03384d1b4f", size = 323270, upload-time = "2025-12-06T00:17:48.253Z" },
    { url = "https://files.pythonhosted.org/packages/0e/15/4f02896cc3df04fc465010a4c6a0cd89810f54617a32a70ef531ed75d61c/protobuf-6.33.2-py3-none-any.whl", hash = "sha256:7636aad9bb01768870266de5dc009de2d1b936771b38a793f73cbbf279c91c5c", size = 170501, upload-time = "2025-12-06T00:17:52.211Z" },
]

[[package]]
name = "pygments"
version = "2.19.2"
source = { registry = "https://pypi.org/simple" }
sdist = { url = "https://files.pythonhosted.org/packages/b0/77/a5b8c569bf593b0140bde72ea885a803b82086995367bf2037de0159d924/pygments-2.19.2.tar.gz", hash = "sha256:636cb2477cec7f8952536970bc533bc43743542f70392ae026374600add5b887", size = 4968631, upload-time = "2025-06-21T13:39:12.283Z" }
wheels = [
    { url = "https://files.pythonhosted.org/packages/c7/21/705964c7812476f378728bdf590ca4b771ec72385c533964653c68e86bdc/pygments-2.19.2-py3-none-any.whl", hash = "sha256:86540386c03d588bb81d44bc3928634ff26449851e99741617ecb9037ee5ec0b", size = 1225217, upload-time = "2025-06-21T13:39:07.939Z" },
]

[[package]]
name = "rich"
version = "14.2.0"
source = { registry = "https://pypi.org/simple" }
dependencies = [
    { name = "markdown-it-py" },
    { name = "pygments" },
]
sdist = { url = "https://files.pythonhosted.org/packages/fb/d2/8920e102050a0de7bfabeb4c4614a49248cf8d5d7a8d01885fbb24dc767a/rich-14.2.0.tar.gz", hash = "sha256:73ff50c7c0c1c77c8243079283f4edb376f0f6442433aecb8ce7e6d0b92d1fe4", size = 219990, upload-time = "2025-10-09T14:16:53.064Z" }
wheels = [
    { url = "https://files.pythonhosted.org/packages/25/7a/b0178788f8dc6cafce37a212c99565fa1fe7872c70c6c9c1e1a372d9d88f/rich-14.2.0-py3-none-any.whl", hash = "sha256:76bc51fe2e57d2b1be1f96c524b890b816e334ab4c1e45888799bfaab0021edd", size = 243393, upload-time = "2025-10-09T14:16:51.245Z" },
]

[[package]]
name = "setuptools"
version = "80.9.0"
source = { registry = "https://pypi.org/simple" }
sdist = { url = "https://files.pythonhosted.org/packages/18/5d/3bf57dcd21979b887f014ea83c24ae194cfcd12b9e0fda66b957c69d1fca/setuptools-80.9.0.tar.gz", hash = "sha256:f36b47402ecde768dbfafc46e8e4207b4360c654f1f3bb84475f0a28628fb19c", size = 1319958, upload-time = "2025-05-27T00:56:51.443Z" }
wheels = [
    { url = "https://files.pythonhosted.org/packages/a3/dc/17031897dae0efacfea57dfd3a82fdd2a2aeb58e0ff71b77b87e44edc772/setuptools-80.9.0-py3-none-any.whl", hash = "sha256:062d34222ad13e0cc312a4c02d73f059e86a4acbfbdea8f8f76b28c99f306922", size = 1201486, upload-time = "2025-05-27T00:56:49.664Z" },
]

[[package]]
name = "shellingham"
version = "1.5.4"
source = { registry = "https://pypi.org/simple" }
sdist = { url = "https://files.pythonhosted.org/packages/58/15/8b3609fd3830ef7b27b655beb4b4e9c62313a4e8da8c676e142cc210d58e/shellingham-1.5.4.tar.gz", hash = "sha256:8dbca0739d487e5bd35ab3ca4b36e11c4078f3a234bfce294b0a0291363404de", size = 10310, upload-time = "2023-10-24T04:13:40.426Z" }
wheels = [
    { url = "https://files.pythonhosted.org/packages/e0/f9/0595336914c5619e5f28a1fb793285925a8cd4b432c9da0a987836c7f822/shellingham-1.5.4-py2.py3-none-any.whl", hash = "sha256:7ecfff8f2fd72616f7481040475a65b2bf8af90a56c89140852d1120324e8686", size = 9755, upload-time = "2023-10-24T04:13:38.866Z" },
]

[[package]]
name = "stream-ingest"
version = "0.1.0"
source = { editable = "." }
dependencies = [
    { name = "grpcio" },
    { name = "grpcio-tools" },
    { name = "typer" },
]

[package.metadata]
requires-dist = [
    { name = "grpcio", specifier = ">=1.76.0" },
    { name = "grpcio-tools", specifier = ">=1.76.0" },
    { name = "typer", specifier = ">=0.9.0" },
]

[[package]]
name = "typer"
version = "0.21.1"
source = { registry = "https://pypi.org/simple" }
dependencies = [
    { name = "click" },
    { name = "rich" },
    { name = "shellingham" },
    { name = "typing-extensions" },
]
sdist = { url = "https://files.pythonhosted.org/packages/36/bf/8825b5929afd84d0dabd606c67cd57b8388cb3ec385f7ef19c5cc2202069/typer-0.21.1.tar.gz", hash = "sha256:ea835607cd752343b6b2b7ce676893e5a0324082268b48f27aa058bdb7d2145d", size = 110371, upload-time = "2026-01-06T11:21:10.989Z" }
wheels = [
    { url = "https://files.pythonhosted.org/packages/a0/1d/d9257dd49ff2ca23ea5f132edf1281a0c4f9de8a762b9ae399b670a59235/typer-0.21.1-py3-none-any.whl", hash = "sha256:7985e89081c636b88d172c2ee0cfe33c253160994d47bdfdc302defd7d1f1d01", size = 47381, upload-time = "2026-01-06T11:21:09.824Z" },
]

[[package]]
name = "typing-extensions"
version = "4.15.0"
source = { registry = "https://pypi.org/simple" }
sdist = { url = "https://files.pythonhosted.org/packages/72/94/1a15dd82efb362ac84269196e94cf00f187f7ed21c242792a923cdb1c61f/typing_extensions-4.15.0.tar.gz", hash = "sha256:0cea48d173cc12fa28ecabc3b837ea3cf6f38c6d1136f85cbaaf598984861466", size = 109391, upload-time = "2025-08-25T13:49:26.313Z" }
wheels = [
    { url = "https://files.pythonhosted.org/packages/18/67/36e9267722cc04a6b9f15c7f3441c2363321a3ea07da7ae0c0707beb2a9c/typing_extensions-4.15.0-py3-none-any.whl", hash = "sha256:f0fa19c6845758ab08074a0cfa8b7aecb71c999ca73d62883bc25cc018c4e548", size = 44614, upload-time = "2025-08-25T13:49:24.86Z" },
]
